
Microsoft Visual Studio Solution File, Format Version 12.00
# Visual Studio Version 16
VisualStudioVersion = 16.0.30711.63
MinimumVisualStudioVersion = 10.0.40219.1
Project("{FAE04EC0-301F-11D3-BF4B-00C04F79EFBC}") = "InventorySystemApp", "InventorySystemApp\InventorySystemApp.csproj", "{6CACAE4F-987E-4CAA-ABEA-E150BAED0897}"
EndProject
Global
	GlobalSection(SolutionConfigurationPlatforms) = preSolution
		Debug|Any CPU = Debug|Any CPU
		Release|Any CPU = Release|Any CPU
	EndGlobalSection
	GlobalSection(ProjectConfigurationPlatforms) = postSolution
		{6CACAE4F-987E-4CAA-ABEA-E150BAED0897}.Debug|Any CPU.ActiveCfg = Debug|Any CPU
		{6CACAE4F-987E-4CAA-ABEA-E150BAED0897}.Debug|Any CPU.Build.0 = Debug|Any CPU
		{6CACAE4F-987E-4CAA-ABEA-E150BAED0897}.Release|Any CPU.ActiveCfg = Release|Any CPU
		{6CACAE4F-987E-4CAA-ABEA-E150BAED0897}.Release|Any CPU.Build.0 = Release|Any CPU
	EndGlobalSection
	GlobalSection(SolutionProperties) = preSolution
		HideSolutionNode = FALSE
	EndGlobalSection
	GlobalSection(ExtensibilityGlobals) = postSolution
		SolutionGuid = {5D453210-6718-4678-B7C9-C0BF26D001A9}
	EndGlobalSection
EndGlobal
